// !$*UTF8*$!
{
	archiveVersion = 1;
	classes = {
	};
	objectVersion = 51;
	objects = {

/* Begin PBXBuildFile section */
		234D1B363ED616DD7417F11E /* Pods_Aasha.framework in Frameworks */ = {isa = PBXBuildFile; fileRef = E871BD2D3A753524AFEFFEE3 /* Pods_Aasha.framework */; };
		3C58BF9EF7F9C201664CEEF7 /* Pods_AashaTests.framework in Frameworks */ = {isa = PBXBuildFile; fileRef = CECA5CB1A2B3A8842FF776E8 /* Pods_AashaTests.framework */; };
		73E9D25FCA27D33A8E861AD2 /* Pods_Aasha_AashaUITests.framework in Frameworks */ = {isa = PBXBuildFile; fileRef = DFAEAA1A89D7FC5E2AE958C4 /* Pods_Aasha_AashaUITests.framework */; };
		8610D6BF24EE5A1300EBCC04 /* AppDelegate.swift in Sources */ = {isa = PBXBuildFile; fileRef = 8610D6BE24EE5A1300EBCC04 /* AppDelegate.swift */; };
		8610D6C124EE5A1300EBCC04 /* SceneDelegate.swift in Sources */ = {isa = PBXBuildFile; fileRef = 8610D6C024EE5A1300EBCC04 /* SceneDelegate.swift */; };
		8610D6C324EE5A1300EBCC04 /* ContentView.swift in Sources */ = {isa = PBXBuildFile; fileRef = 8610D6C224EE5A1300EBCC04 /* ContentView.swift */; };
		8610D6C524EE5A1500EBCC04 /* Assets.xcassets in Resources */ = {isa = PBXBuildFile; fileRef = 8610D6C424EE5A1500EBCC04 /* Assets.xcassets */; };
		8610D6C824EE5A1500EBCC04 /* Preview Assets.xcassets in Resources */ = {isa = PBXBuildFile; fileRef = 8610D6C724EE5A1500EBCC04 /* Preview Assets.xcassets */; };
		8610D6CB24EE5A1500EBCC04 /* LaunchScreen.storyboard in Resources */ = {isa = PBXBuildFile; fileRef = 8610D6C924EE5A1500EBCC04 /* LaunchScreen.storyboard */; };
		8610D6D624EE5A1500EBCC04 /* AashaTests.swift in Sources */ = {isa = PBXBuildFile; fileRef = 8610D6D524EE5A1500EBCC04 /* AashaTests.swift */; };
		8610D6E124EE5A1600EBCC04 /* AashaUITests.swift in Sources */ = {isa = PBXBuildFile; fileRef = 8610D6E024EE5A1600EBCC04 /* AashaUITests.swift */; };
		8610D6EF24EE5A4400EBCC04 /* HomeView.swift in Sources */ = {isa = PBXBuildFile; fileRef = 8610D6EE24EE5A4400EBCC04 /* HomeView.swift */; };
		8610D6F124EE5F4F00EBCC04 /* DocumentRowView.swift in Sources */ = {isa = PBXBuildFile; fileRef = 8610D6F024EE5F4F00EBCC04 /* DocumentRowView.swift */; };
		8610D6F324EE75C400EBCC04 /* DocumentViewPicker.swift in Sources */ = {isa = PBXBuildFile; fileRef = 8610D6F224EE75C400EBCC04 /* DocumentViewPicker.swift */; };
		8610D6F524EEB14000EBCC04 /* PDFKitView.swift in Sources */ = {isa = PBXBuildFile; fileRef = 8610D6F424EEB14000EBCC04 /* PDFKitView.swift */; };
		864F482824EFB5BC00D63C44 /* Book.xcdatamodeld in Sources */ = {isa = PBXBuildFile; fileRef = 864F482624EFB5BC00D63C44 /* Book.xcdatamodeld */; };
		864F482A24EFC9D900D63C44 /* AddFileView.swift in Sources */ = {isa = PBXBuildFile; fileRef = 864F482924EFC9D900D63C44 /* AddFileView.swift */; };
		864F482F24F023D200D63C44 /* DetailView.swift in Sources */ = {isa = PBXBuildFile; fileRef = 864F482E24F023D200D63C44 /* DetailView.swift */; };
		864F483524F02FAF00D63C44 /* Book+CoreDataClass.swift in Sources */ = {isa = PBXBuildFile; fileRef = 864F483124F02FAF00D63C44 /* Book+CoreDataClass.swift */; };
		864F483624F02FAF00D63C44 /* Book+CoreDataProperties.swift in Sources */ = {isa = PBXBuildFile; fileRef = 864F483224F02FAF00D63C44 /* Book+CoreDataProperties.swift */; };
		864F483724F02FAF00D63C44 /* Document+CoreDataClass.swift in Sources */ = {isa = PBXBuildFile; fileRef = 864F483324F02FAF00D63C44 /* Document+CoreDataClass.swift */; };
		864F483824F02FAF00D63C44 /* Document+CoreDataProperties.swift in Sources */ = {isa = PBXBuildFile; fileRef = 864F483424F02FAF00D63C44 /* Document+CoreDataProperties.swift */; };
		868B1DFF2508FD32009E7EE4 /* APIKey.swift in Sources */ = {isa = PBXBuildFile; fileRef = 868B1DFE2508FD32009E7EE4 /* APIKey.swift */; };
		869501482504E57D0095E586 /* BookGridView.swift in Sources */ = {isa = PBXBuildFile; fileRef = 869501472504E57D0095E586 /* BookGridView.swift */; };
		8695014A2504F2D30095E586 /* TranslateView.swift in Sources */ = {isa = PBXBuildFile; fileRef = 869501492504F2D30095E586 /* TranslateView.swift */; };
		86974C992509046E00F19F0B /* Languages.swift in Sources */ = {isa = PBXBuildFile; fileRef = 86974C982509046E00F19F0B /* Languages.swift */; };
/* End PBXBuildFile section */

/* Begin PBXContainerItemProxy section */
		8610D6D224EE5A1500EBCC04 /* PBXContainerItemProxy */ = {
			isa = PBXContainerItemProxy;
			containerPortal = 8610D6B324EE5A1300EBCC04 /* Project object */;
			proxyType = 1;
			remoteGlobalIDString = 8610D6BA24EE5A1300EBCC04;
			remoteInfo = Aasha;
		};
		8610D6DD24EE5A1600EBCC04 /* PBXContainerItemProxy */ = {
			isa = PBXContainerItemProxy;
			containerPortal = 8610D6B324EE5A1300EBCC04 /* Project object */;
			proxyType = 1;
			remoteGlobalIDString = 8610D6BA24EE5A1300EBCC04;
			remoteInfo = Aasha;
		};
/* End PBXContainerItemProxy section */

/* Begin PBXFileReference section */
		11033653FC7D6D188FF79E0B /* Pods-AashaTests.release.xcconfig */ = {isa = PBXFileReference; includeInIndex = 1; lastKnownFileType = text.xcconfig; name = "Pods-AashaTests.release.xcconfig"; path = "Target Support Files/Pods-AashaTests/Pods-AashaTests.release.xcconfig"; sourceTree = "<group>"; };
		773D8905CE2BEA8393CF2B55 /* Pods-Aasha.debug.xcconfig */ = {isa = PBXFileReference; includeInIndex = 1; lastKnownFileType = text.xcconfig; name = "Pods-Aasha.debug.xcconfig"; path = "Target Support Files/Pods-Aasha/Pods-Aasha.debug.xcconfig"; sourceTree = "<group>"; };
		77FF7B23C130332BAEB46E73 /* Pods-Aasha.release.xcconfig */ = {isa = PBXFileReference; includeInIndex = 1; lastKnownFileType = text.xcconfig; name = "Pods-Aasha.release.xcconfig"; path = "Target Support Files/Pods-Aasha/Pods-Aasha.release.xcconfig"; sourceTree = "<group>"; };
		7F2F1380B378C80C19FDA973 /* Pods-AashaTests.debug.xcconfig */ = {isa = PBXFileReference; includeInIndex = 1; lastKnownFileType = text.xcconfig; name = "Pods-AashaTests.debug.xcconfig"; path = "Target Support Files/Pods-AashaTests/Pods-AashaTests.debug.xcconfig"; sourceTree = "<group>"; };
		8610D6BB24EE5A1300EBCC04 /* Aasha.app */ = {isa = PBXFileReference; explicitFileType = wrapper.application; includeInIndex = 0; path = Aasha.app; sourceTree = BUILT_PRODUCTS_DIR; };
		8610D6BE24EE5A1300EBCC04 /* AppDelegate.swift */ = {isa = PBXFileReference; lastKnownFileType = sourcecode.swift; path = AppDelegate.swift; sourceTree = "<group>"; };
		8610D6C024EE5A1300EBCC04 /* SceneDelegate.swift */ = {isa = PBXFileReference; lastKnownFileType = sourcecode.swift; path = SceneDelegate.swift; sourceTree = "<group>"; };
		8610D6C224EE5A1300EBCC04 /* ContentView.swift */ = {isa = PBXFileReference; lastKnownFileType = sourcecode.swift; path = ContentView.swift; sourceTree = "<group>"; };
		8610D6C424EE5A1500EBCC04 /* Assets.xcassets */ = {isa = PBXFileReference; lastKnownFileType = folder.assetcatalog; path = Assets.xcassets; sourceTree = "<group>"; };
		8610D6C724EE5A1500EBCC04 /* Preview Assets.xcassets */ = {isa = PBXFileReference; lastKnownFileType = folder.assetcatalog; path = "Preview Assets.xcassets"; sourceTree = "<group>"; };
		8610D6CA24EE5A1500EBCC04 /* Base */ = {isa = PBXFileReference; lastKnownFileType = file.storyboard; name = Base; path = Base.lproj/LaunchScreen.storyboard; sourceTree = "<group>"; };
		8610D6CC24EE5A1500EBCC04 /* Info.plist */ = {isa = PBXFileReference; lastKnownFileType = text.plist.xml; path = Info.plist; sourceTree = "<group>"; };
		8610D6D124EE5A1500EBCC04 /* AashaTests.xctest */ = {isa = PBXFileReference; explicitFileType = wrapper.cfbundle; includeInIndex = 0; path = AashaTests.xctest; sourceTree = BUILT_PRODUCTS_DIR; };
		8610D6D524EE5A1500EBCC04 /* AashaTests.swift */ = {isa = PBXFileReference; lastKnownFileType = sourcecode.swift; path = AashaTests.swift; sourceTree = "<group>"; };
		8610D6D724EE5A1500EBCC04 /* Info.plist */ = {isa = PBXFileReference; lastKnownFileType = text.plist.xml; path = Info.plist; sourceTree = "<group>"; };
		8610D6DC24EE5A1600EBCC04 /* AashaUITests.xctest */ = {isa = PBXFileReference; explicitFileType = wrapper.cfbundle; includeInIndex = 0; path = AashaUITests.xctest; sourceTree = BUILT_PRODUCTS_DIR; };
		8610D6E024EE5A1600EBCC04 /* AashaUITests.swift */ = {isa = PBXFileReference; lastKnownFileType = sourcecode.swift; path = AashaUITests.swift; sourceTree = "<group>"; };
		8610D6E224EE5A1600EBCC04 /* Info.plist */ = {isa = PBXFileReference; lastKnownFileType = text.plist.xml; path = Info.plist; sourceTree = "<group>"; };
		8610D6EE24EE5A4400EBCC04 /* HomeView.swift */ = {isa = PBXFileReference; lastKnownFileType = sourcecode.swift; path = HomeView.swift; sourceTree = "<group>"; };
		8610D6F024EE5F4F00EBCC04 /* DocumentRowView.swift */ = {isa = PBXFileReference; lastKnownFileType = sourcecode.swift; path = DocumentRowView.swift; sourceTree = "<group>"; };
		8610D6F224EE75C400EBCC04 /* DocumentViewPicker.swift */ = {isa = PBXFileReference; lastKnownFileType = sourcecode.swift; path = DocumentViewPicker.swift; sourceTree = "<group>"; };
		8610D6F424EEB14000EBCC04 /* PDFKitView.swift */ = {isa = PBXFileReference; lastKnownFileType = sourcecode.swift; path = PDFKitView.swift; sourceTree = "<group>"; };
		864F482724EFB5BC00D63C44 /* Book.xcdatamodel */ = {isa = PBXFileReference; lastKnownFileType = wrapper.xcdatamodel; path = Book.xcdatamodel; sourceTree = "<group>"; };
		864F482924EFC9D900D63C44 /* AddFileView.swift */ = {isa = PBXFileReference; lastKnownFileType = sourcecode.swift; path = AddFileView.swift; sourceTree = "<group>"; };
		864F482E24F023D200D63C44 /* DetailView.swift */ = {isa = PBXFileReference; lastKnownFileType = sourcecode.swift; path = DetailView.swift; sourceTree = "<group>"; };
		864F483124F02FAF00D63C44 /* Book+CoreDataClass.swift */ = {isa = PBXFileReference; lastKnownFileType = sourcecode.swift; path = "Book+CoreDataClass.swift"; sourceTree = "<group>"; };
		864F483224F02FAF00D63C44 /* Book+CoreDataProperties.swift */ = {isa = PBXFileReference; lastKnownFileType = sourcecode.swift; path = "Book+CoreDataProperties.swift"; sourceTree = "<group>"; };
		864F483324F02FAF00D63C44 /* Document+CoreDataClass.swift */ = {isa = PBXFileReference; lastKnownFileType = sourcecode.swift; path = "Document+CoreDataClass.swift"; sourceTree = "<group>"; };
		864F483424F02FAF00D63C44 /* Document+CoreDataProperties.swift */ = {isa = PBXFileReference; lastKnownFileType = sourcecode.swift; path = "Document+CoreDataProperties.swift"; sourceTree = "<group>"; };
		868B1DFE2508FD32009E7EE4 /* APIKey.swift */ = {isa = PBXFileReference; lastKnownFileType = sourcecode.swift; path = APIKey.swift; sourceTree = "<group>"; };
		869501472504E57D0095E586 /* BookGridView.swift */ = {isa = PBXFileReference; lastKnownFileType = sourcecode.swift; path = BookGridView.swift; sourceTree = "<group>"; };
		869501492504F2D30095E586 /* TranslateView.swift */ = {isa = PBXFileReference; lastKnownFileType = sourcecode.swift; path = TranslateView.swift; sourceTree = "<group>"; };
		86974C982509046E00F19F0B /* Languages.swift */ = {isa = PBXFileReference; lastKnownFileType = sourcecode.swift; path = Languages.swift; sourceTree = "<group>"; };
		8F5FBAE4C414A3DA2F9F2711 /* Pods-Aasha-AashaUITests.release.xcconfig */ = {isa = PBXFileReference; includeInIndex = 1; lastKnownFileType = text.xcconfig; name = "Pods-Aasha-AashaUITests.release.xcconfig"; path = "Target Support Files/Pods-Aasha-AashaUITests/Pods-Aasha-AashaUITests.release.xcconfig"; sourceTree = "<group>"; };
		CECA5CB1A2B3A8842FF776E8 /* Pods_AashaTests.framework */ = {isa = PBXFileReference; explicitFileType = wrapper.framework; includeInIndex = 0; path = Pods_AashaTests.framework; sourceTree = BUILT_PRODUCTS_DIR; };
		DAA2AE2603779A84C035EF0D /* Pods-Aasha-AashaUITests.debug.xcconfig */ = {isa = PBXFileReference; includeInIndex = 1; lastKnownFileType = text.xcconfig; name = "Pods-Aasha-AashaUITests.debug.xcconfig"; path = "Target Support Files/Pods-Aasha-AashaUITests/Pods-Aasha-AashaUITests.debug.xcconfig"; sourceTree = "<group>"; };
		DFAEAA1A89D7FC5E2AE958C4 /* Pods_Aasha_AashaUITests.framework */ = {isa = PBXFileReference; explicitFileType = wrapper.framework; includeInIndex = 0; path = Pods_Aasha_AashaUITests.framework; sourceTree = BUILT_PRODUCTS_DIR; };
		E871BD2D3A753524AFEFFEE3 /* Pods_Aasha.framework */ = {isa = PBXFileReference; explicitFileType = wrapper.framework; includeInIndex = 0; path = Pods_Aasha.framework; sourceTree = BUILT_PRODUCTS_DIR; };
/* End PBXFileReference section */

/* Begin PBXFrameworksBuildPhase section */
		8610D6B824EE5A1300EBCC04 /* Frameworks */ = {
			isa = PBXFrameworksBuildPhase;
			buildActionMask = 2147483647;
			files = (
				234D1B363ED616DD7417F11E /* Pods_Aasha.framework in Frameworks */,
			);
			runOnlyForDeploymentPostprocessing = 0;
		};
		8610D6CE24EE5A1500EBCC04 /* Frameworks */ = {
			isa = PBXFrameworksBuildPhase;
			buildActionMask = 2147483647;
			files = (
				3C58BF9EF7F9C201664CEEF7 /* Pods_AashaTests.framework in Frameworks */,
			);
			runOnlyForDeploymentPostprocessing = 0;
		};
		8610D6D924EE5A1600EBCC04 /* Frameworks */ = {
			isa = PBXFrameworksBuildPhase;
			buildActionMask = 2147483647;
			files = (
				73E9D25FCA27D33A8E861AD2 /* Pods_Aasha_AashaUITests.framework in Frameworks */,
			);
			runOnlyForDeploymentPostprocessing = 0;
		};
/* End PBXFrameworksBuildPhase section */

/* Begin PBXGroup section */
		4932BB639956CE827AE9B531 /* Pods */ = {
			isa = PBXGroup;
			children = (
				773D8905CE2BEA8393CF2B55 /* Pods-Aasha.debug.xcconfig */,
				77FF7B23C130332BAEB46E73 /* Pods-Aasha.release.xcconfig */,
				DAA2AE2603779A84C035EF0D /* Pods-Aasha-AashaUITests.debug.xcconfig */,
				8F5FBAE4C414A3DA2F9F2711 /* Pods-Aasha-AashaUITests.release.xcconfig */,
				7F2F1380B378C80C19FDA973 /* Pods-AashaTests.debug.xcconfig */,
				11033653FC7D6D188FF79E0B /* Pods-AashaTests.release.xcconfig */,
			);
			path = Pods;
			sourceTree = "<group>";
		};
		8610D6B224EE5A1300EBCC04 = {
			isa = PBXGroup;
			children = (
				8610D6BD24EE5A1300EBCC04 /* Aasha */,
				8610D6D424EE5A1500EBCC04 /* AashaTests */,
				8610D6DF24EE5A1600EBCC04 /* AashaUITests */,
				8610D6BC24EE5A1300EBCC04 /* Products */,
				4932BB639956CE827AE9B531 /* Pods */,
				A6C079F6C409838B020440C1 /* Frameworks */,
			);
			sourceTree = "<group>";
		};
		8610D6BC24EE5A1300EBCC04 /* Products */ = {
			isa = PBXGroup;
			children = (
				8610D6BB24EE5A1300EBCC04 /* Aasha.app */,
				8610D6D124EE5A1500EBCC04 /* AashaTests.xctest */,
				8610D6DC24EE5A1600EBCC04 /* AashaUITests.xctest */,
			);
			name = Products;
			sourceTree = "<group>";
		};
		8610D6BD24EE5A1300EBCC04 /* Aasha */ = {
			isa = PBXGroup;
			children = (
				86974C9A2509077000F19F0B /* Model */,
				864F482B24F0134B00D63C44 /* Utils */,
				864F482C24F0135600D63C44 /* CoreData */,
				864F482D24F0138500D63C44 /* Views */,
				8610D6C424EE5A1500EBCC04 /* Assets.xcassets */,
				8610D6C924EE5A1500EBCC04 /* LaunchScreen.storyboard */,
				8610D6CC24EE5A1500EBCC04 /* Info.plist */,
				8610D6C624EE5A1500EBCC04 /* Preview Content */,
			);
			path = Aasha;
			sourceTree = "<group>";
		};
		8610D6C624EE5A1500EBCC04 /* Preview Content */ = {
			isa = PBXGroup;
			children = (
				8610D6C724EE5A1500EBCC04 /* Preview Assets.xcassets */,
			);
			path = "Preview Content";
			sourceTree = "<group>";
		};
		8610D6D424EE5A1500EBCC04 /* AashaTests */ = {
			isa = PBXGroup;
			children = (
				8610D6D524EE5A1500EBCC04 /* AashaTests.swift */,
				8610D6D724EE5A1500EBCC04 /* Info.plist */,
			);
			path = AashaTests;
			sourceTree = "<group>";
		};
		8610D6DF24EE5A1600EBCC04 /* AashaUITests */ = {
			isa = PBXGroup;
			children = (
				8610D6E024EE5A1600EBCC04 /* AashaUITests.swift */,
				8610D6E224EE5A1600EBCC04 /* Info.plist */,
			);
			path = AashaUITests;
			sourceTree = "<group>";
		};
		864F482B24F0134B00D63C44 /* Utils */ = {
			isa = PBXGroup;
			children = (
				8610D6BE24EE5A1300EBCC04 /* AppDelegate.swift */,
				868B1DFE2508FD32009E7EE4 /* APIKey.swift */,
				8610D6C024EE5A1300EBCC04 /* SceneDelegate.swift */,
			);
			path = Utils;
			sourceTree = "<group>";
		};
		864F482C24F0135600D63C44 /* CoreData */ = {
			isa = PBXGroup;
			children = (
				864F482624EFB5BC00D63C44 /* Book.xcdatamodeld */,
				864F483124F02FAF00D63C44 /* Book+CoreDataClass.swift */,
				864F483224F02FAF00D63C44 /* Book+CoreDataProperties.swift */,
				864F483324F02FAF00D63C44 /* Document+CoreDataClass.swift */,
				864F483424F02FAF00D63C44 /* Document+CoreDataProperties.swift */,
			);
			path = CoreData;
			sourceTree = "<group>";
		};
		864F482D24F0138500D63C44 /* Views */ = {
			isa = PBXGroup;
			children = (
				8610D6EE24EE5A4400EBCC04 /* HomeView.swift */,
				864F482924EFC9D900D63C44 /* AddFileView.swift */,
				8610D6C224EE5A1300EBCC04 /* ContentView.swift */,
				869501492504F2D30095E586 /* TranslateView.swift */,
				869501472504E57D0095E586 /* BookGridView.swift */,
				864F483024F02C3D00D63C44 /* Helper View */,
				864F482E24F023D200D63C44 /* DetailView.swift */,
				8610D6F024EE5F4F00EBCC04 /* DocumentRowView.swift */,
			);
			path = Views;
			sourceTree = "<group>";
		};
		864F483024F02C3D00D63C44 /* Helper View */ = {
			isa = PBXGroup;
			children = (
				8610D6F224EE75C400EBCC04 /* DocumentViewPicker.swift */,
				8610D6F424EEB14000EBCC04 /* PDFKitView.swift */,
			);
			path = "Helper View";
			sourceTree = "<group>";
		};
		86974C9A2509077000F19F0B /* Model */ = {
			isa = PBXGroup;
			children = (
				86974C982509046E00F19F0B /* Languages.swift */,
			);
			path = Model;
			sourceTree = "<group>";
		};
		A6C079F6C409838B020440C1 /* Frameworks */ = {
			isa = PBXGroup;
			children = (
				E871BD2D3A753524AFEFFEE3 /* Pods_Aasha.framework */,
				DFAEAA1A89D7FC5E2AE958C4 /* Pods_Aasha_AashaUITests.framework */,
				CECA5CB1A2B3A8842FF776E8 /* Pods_AashaTests.framework */,
			);
			name = Frameworks;
			sourceTree = "<group>";
		};
/* End PBXGroup section */

/* Begin PBXNativeTarget section */
		8610D6BA24EE5A1300EBCC04 /* Aasha */ = {
			isa = PBXNativeTarget;
			buildConfigurationList = 8610D6E524EE5A1600EBCC04 /* Build configuration list for PBXNativeTarget "Aasha" */;
			buildPhases = (
				D7F887D76D7EE2A41247FD1A /* [CP] Check Pods Manifest.lock */,
				8610D6B724EE5A1300EBCC04 /* Sources */,
				8610D6B824EE5A1300EBCC04 /* Frameworks */,
				8610D6B924EE5A1300EBCC04 /* Resources */,
				55C4F4867A8B16D376621A00 /* [CP] Embed Pods Frameworks */,
			);
			buildRules = (
			);
			dependencies = (
			);
			name = Aasha;
			productName = Aasha;
			productReference = 8610D6BB24EE5A1300EBCC04 /* Aasha.app */;
			productType = "com.apple.product-type.application";
		};
		8610D6D024EE5A1500EBCC04 /* AashaTests */ = {
			isa = PBXNativeTarget;
			buildConfigurationList = 8610D6E824EE5A1600EBCC04 /* Build configuration list for PBXNativeTarget "AashaTests" */;
			buildPhases = (
				6549733963A437C2EDF0CA22 /* [CP] Check Pods Manifest.lock */,
				8610D6CD24EE5A1500EBCC04 /* Sources */,
				8610D6CE24EE5A1500EBCC04 /* Frameworks */,
				8610D6CF24EE5A1500EBCC04 /* Resources */,
			);
			buildRules = (
			);
			dependencies = (
				8610D6D324EE5A1500EBCC04 /* PBXTargetDependency */,
			);
			name = AashaTests;
			productName = AashaTests;
			productReference = 8610D6D124EE5A1500EBCC04 /* AashaTests.xctest */;
			productType = "com.apple.product-type.bundle.unit-test";
		};
		8610D6DB24EE5A1600EBCC04 /* AashaUITests */ = {
			isa = PBXNativeTarget;
			buildConfigurationList = 8610D6EB24EE5A1600EBCC04 /* Build configuration list for PBXNativeTarget "AashaUITests" */;
			buildPhases = (
				777218E662508E04ED2A1BAD /* [CP] Check Pods Manifest.lock */,
				8610D6D824EE5A1600EBCC04 /* Sources */,
				8610D6D924EE5A1600EBCC04 /* Frameworks */,
				8610D6DA24EE5A1600EBCC04 /* Resources */,
				B2A75211D233F8EC0669DAA8 /* [CP] Embed Pods Frameworks */,
			);
			buildRules = (
			);
			dependencies = (
				8610D6DE24EE5A1600EBCC04 /* PBXTargetDependency */,
			);
			name = AashaUITests;
			productName = AashaUITests;
			productReference = 8610D6DC24EE5A1600EBCC04 /* AashaUITests.xctest */;
			productType = "com.apple.product-type.bundle.ui-testing";
		};
/* End PBXNativeTarget section */

/* Begin PBXProject section */
		8610D6B324EE5A1300EBCC04 /* Project object */ = {
			isa = PBXProject;
			attributes = {
				LastSwiftUpdateCheck = 1200;
				LastUpgradeCheck = 1200;
				TargetAttributes = {
					8610D6BA24EE5A1300EBCC04 = {
						CreatedOnToolsVersion = 12.0;
					};
					8610D6D024EE5A1500EBCC04 = {
						CreatedOnToolsVersion = 12.0;
						TestTargetID = 8610D6BA24EE5A1300EBCC04;
					};
					8610D6DB24EE5A1600EBCC04 = {
						CreatedOnToolsVersion = 12.0;
						TestTargetID = 8610D6BA24EE5A1300EBCC04;
					};
				};
			};
			buildConfigurationList = 8610D6B624EE5A1300EBCC04 /* Build configuration list for PBXProject "Aasha" */;
			compatibilityVersion = "Xcode 9.3";
			developmentRegion = en;
			hasScannedForEncodings = 0;
			knownRegions = (
				en,
				Base,
			);
			mainGroup = 8610D6B224EE5A1300EBCC04;
			productRefGroup = 8610D6BC24EE5A1300EBCC04 /* Products */;
			projectDirPath = "";
			projectRoot = "";
			targets = (
				8610D6BA24EE5A1300EBCC04 /* Aasha */,
				8610D6D024EE5A1500EBCC04 /* AashaTests */,
				8610D6DB24EE5A1600EBCC04 /* AashaUITests */,
			);
		};
/* End PBXProject section */

/* Begin PBXResourcesBuildPhase section */
		8610D6B924EE5A1300EBCC04 /* Resources */ = {
			isa = PBXResourcesBuildPhase;
			buildActionMask = 2147483647;
			files = (
				8610D6CB24EE5A1500EBCC04 /* LaunchScreen.storyboard in Resources */,
				8610D6C824EE5A1500EBCC04 /* Preview Assets.xcassets in Resources */,
				8610D6C524EE5A1500EBCC04 /* Assets.xcassets in Resources */,
			);
			runOnlyForDeploymentPostprocessing = 0;
		};
		8610D6CF24EE5A1500EBCC04 /* Resources */ = {
			isa = PBXResourcesBuildPhase;
			buildActionMask = 2147483647;
			files = (
			);
			runOnlyForDeploymentPostprocessing = 0;
		};
		8610D6DA24EE5A1600EBCC04 /* Resources */ = {
			isa = PBXResourcesBuildPhase;
			buildActionMask = 2147483647;
			files = (
			);
			runOnlyForDeploymentPostprocessing = 0;
		};
/* End PBXResourcesBuildPhase section */

/* Begin PBXShellScriptBuildPhase section */
		55C4F4867A8B16D376621A00 /* [CP] Embed Pods Frameworks */ = {
			isa = PBXShellScriptBuildPhase;
			buildActionMask = 2147483647;
			files = (
			);
			inputFileListPaths = (
				"${PODS_ROOT}/Target Support Files/Pods-Aasha/Pods-Aasha-frameworks-${CONFIGURATION}-input-files.xcfilelist",
			);
			name = "[CP] Embed Pods Frameworks";
			outputFileListPaths = (
				"${PODS_ROOT}/Target Support Files/Pods-Aasha/Pods-Aasha-frameworks-${CONFIGURATION}-output-files.xcfilelist",
			);
			runOnlyForDeploymentPostprocessing = 0;
			shellPath = /bin/sh;
			shellScript = "\"${PODS_ROOT}/Target Support Files/Pods-Aasha/Pods-Aasha-frameworks.sh\"\n";
			showEnvVarsInLog = 0;
		};
		6549733963A437C2EDF0CA22 /* [CP] Check Pods Manifest.lock */ = {
			isa = PBXShellScriptBuildPhase;
			buildActionMask = 2147483647;
			files = (
			);
			inputFileListPaths = (
			);
			inputPaths = (
				"${PODS_PODFILE_DIR_PATH}/Podfile.lock",
				"${PODS_ROOT}/Manifest.lock",
			);
			name = "[CP] Check Pods Manifest.lock";
			outputFileListPaths = (
			);
			outputPaths = (
				"$(DERIVED_FILE_DIR)/Pods-AashaTests-checkManifestLockResult.txt",
			);
			runOnlyForDeploymentPostprocessing = 0;
			shellPath = /bin/sh;
			shellScript = "diff \"${PODS_PODFILE_DIR_PATH}/Podfile.lock\" \"${PODS_ROOT}/Manifest.lock\" > /dev/null\nif [ $? != 0 ] ; then\n    # print error to STDERR\n    echo \"error: The sandbox is not in sync with the Podfile.lock. Run 'pod install' or update your CocoaPods installation.\" >&2\n    exit 1\nfi\n# This output is used by Xcode 'outputs' to avoid re-running this script phase.\necho \"SUCCESS\" > \"${SCRIPT_OUTPUT_FILE_0}\"\n";
			showEnvVarsInLog = 0;
		};
		777218E662508E04ED2A1BAD /* [CP] Check Pods Manifest.lock */ = {
			isa = PBXShellScriptBuildPhase;
			buildActionMask = 2147483647;
			files = (
			);
			inputFileListPaths = (
			);
			inputPaths = (
				"${PODS_PODFILE_DIR_PATH}/Podfile.lock",
				"${PODS_ROOT}/Manifest.lock",
			);
			name = "[CP] Check Pods Manifest.lock";
			outputFileListPaths = (
			);
			outputPaths = (
				"$(DERIVED_FILE_DIR)/Pods-Aasha-AashaUITests-checkManifestLockResult.txt",
			);
			runOnlyForDeploymentPostprocessing = 0;
			shellPath = /bin/sh;
			shellScript = "diff \"${PODS_PODFILE_DIR_PATH}/Podfile.lock\" \"${PODS_ROOT}/Manifest.lock\" > /dev/null\nif [ $? != 0 ] ; then\n    # print error to STDERR\n    echo \"error: The sandbox is not in sync with the Podfile.lock. Run 'pod install' or update your CocoaPods installation.\" >&2\n    exit 1\nfi\n# This output is used by Xcode 'outputs' to avoid re-running this script phase.\necho \"SUCCESS\" > \"${SCRIPT_OUTPUT_FILE_0}\"\n";
			showEnvVarsInLog = 0;
		};
		B2A75211D233F8EC0669DAA8 /* [CP] Embed Pods Frameworks */ = {
			isa = PBXShellScriptBuildPhase;
			buildActionMask = 2147483647;
			files = (
			);
			inputFileListPaths = (
				"${PODS_ROOT}/Target Support Files/Pods-Aasha-AashaUITests/Pods-Aasha-AashaUITests-frameworks-${CONFIGURATION}-input-files.xcfilelist",
			);
			name = "[CP] Embed Pods Frameworks";
			outputFileListPaths = (
				"${PODS_ROOT}/Target Support Files/Pods-Aasha-AashaUITests/Pods-Aasha-AashaUITests-frameworks-${CONFIGURATION}-output-files.xcfilelist",
			);
			runOnlyForDeploymentPostprocessing = 0;
			shellPath = /bin/sh;
			shellScript = "\"${PODS_ROOT}/Target Support Files/Pods-Aasha-AashaUITests/Pods-Aasha-AashaUITests-frameworks.sh\"\n";
			showEnvVarsInLog = 0;
		};
		D7F887D76D7EE2A41247FD1A /* [CP] Check Pods Manifest.lock */ = {
			isa = PBXShellScriptBuildPhase;
			buildActionMask = 2147483647;
			files = (
			);
			inputFileListPaths = (
			);
			inputPaths = (
				"${PODS_PODFILE_DIR_PATH}/Podfile.lock",
				"${PODS_ROOT}/Manifest.lock",
			);
			name = "[CP] Check Pods Manifest.lock";
			outputFileListPaths = (
			);
			outputPaths = (
				"$(DERIVED_FILE_DIR)/Pods-Aasha-checkManifestLockResult.txt",
			);
			runOnlyForDeploymentPostprocessing = 0;
			shellPath = /bin/sh;
			shellScript = "diff \"${PODS_PODFILE_DIR_PATH}/Podfile.lock\" \"${PODS_ROOT}/Manifest.lock\" > /dev/null\nif [ $? != 0 ] ; then\n    # print error to STDERR\n    echo \"error: The sandbox is not in sync with the Podfile.lock. Run 'pod install' or update your CocoaPods installation.\" >&2\n    exit 1\nfi\n# This output is used by Xcode 'outputs' to avoid re-running this script phase.\necho \"SUCCESS\" > \"${SCRIPT_OUTPUT_FILE_0}\"\n";
			showEnvVarsInLog = 0;
		};
/* End PBXShellScriptBuildPhase section */

/* Begin PBXSourcesBuildPhase section */
		8610D6B724EE5A1300EBCC04 /* Sources */ = {
			isa = PBXSourcesBuildPhase;
			buildActionMask = 2147483647;
			files = (
				864F482824EFB5BC00D63C44 /* Book.xcdatamodeld in Sources */,
				864F483724F02FAF00D63C44 /* Document+CoreDataClass.swift in Sources */,
				864F483824F02FAF00D63C44 /* Document+CoreDataProperties.swift in Sources */,
				8610D6BF24EE5A1300EBCC04 /* AppDelegate.swift in Sources */,
				864F483624F02FAF00D63C44 /* Book+CoreDataProperties.swift in Sources */,
				8610D6F124EE5F4F00EBCC04 /* DocumentRowView.swift in Sources */,
				864F482F24F023D200D63C44 /* DetailView.swift in Sources */,
				8695014A2504F2D30095E586 /* TranslateView.swift in Sources */,
				8610D6EF24EE5A4400EBCC04 /* HomeView.swift in Sources */,
				8610D6F324EE75C400EBCC04 /* DocumentViewPicker.swift in Sources */,
				864F482A24EFC9D900D63C44 /* AddFileView.swift in Sources */,
				8610D6C124EE5A1300EBCC04 /* SceneDelegate.swift in Sources */,
				869501482504E57D0095E586 /* BookGridView.swift in Sources */,
				864F483524F02FAF00D63C44 /* Book+CoreDataClass.swift in Sources */,
				8610D6F524EEB14000EBCC04 /* PDFKitView.swift in Sources */,
				8610D6C324EE5A1300EBCC04 /* ContentView.swift in Sources */,
				868B1DFF2508FD32009E7EE4 /* APIKey.swift in Sources */,
				86974C992509046E00F19F0B /* Languages.swift in Sources */,
			);
			runOnlyForDeploymentPostprocessing = 0;
		};
		8610D6CD24EE5A1500EBCC04 /* Sources */ = {
			isa = PBXSourcesBuildPhase;
			buildActionMask = 2147483647;
			files = (
				8610D6D624EE5A1500EBCC04 /* AashaTests.swift in Sources */,
			);
			runOnlyForDeploymentPostprocessing = 0;
		};
		8610D6D824EE5A1600EBCC04 /* Sources */ = {
			isa = PBXSourcesBuildPhase;
			buildActionMask = 2147483647;
			files = (
				8610D6E124EE5A1600EBCC04 /* AashaUITests.swift in Sources */,
			);
			runOnlyForDeploymentPostprocessing = 0;
		};
/* End PBXSourcesBuildPhase section */

/* Begin PBXTargetDependency section */
		8610D6D324EE5A1500EBCC04 /* PBXTargetDependency */ = {
			isa = PBXTargetDependency;
			target = 8610D6BA24EE5A1300EBCC04 /* Aasha */;
			targetProxy = 8610D6D224EE5A1500EBCC04 /* PBXContainerItemProxy */;
		};
		8610D6DE24EE5A1600EBCC04 /* PBXTargetDependency */ = {
			isa = PBXTargetDependency;
			target = 8610D6BA24EE5A1300EBCC04 /* Aasha */;
			targetProxy = 8610D6DD24EE5A1600EBCC04 /* PBXContainerItemProxy */;
		};
/* End PBXTargetDependency section */

/* Begin PBXVariantGroup section */
		8610D6C924EE5A1500EBCC04 /* LaunchScreen.storyboard */ = {
			isa = PBXVariantGroup;
			children = (
				8610D6CA24EE5A1500EBCC04 /* Base */,
			);
			name = LaunchScreen.storyboard;
			sourceTree = "<group>";
		};
/* End PBXVariantGroup section */

/* Begin XCBuildConfiguration section */
		8610D6E324EE5A1600EBCC04 /* Debug */ = {
			isa = XCBuildConfiguration;
			buildSettings = {
				ALWAYS_SEARCH_USER_PATHS = NO;
				CLANG_ANALYZER_NONNULL = YES;
				CLANG_ANALYZER_NUMBER_OBJECT_CONVERSION = YES_AGGRESSIVE;
				CLANG_CXX_LANGUAGE_STANDARD = "gnu++14";
				CLANG_CXX_LIBRARY = "libc++";
				CLANG_ENABLE_MODULES = YES;
				CLANG_ENABLE_OBJC_ARC = YES;
				CLANG_ENABLE_OBJC_WEAK = YES;
				CLANG_WARN_BLOCK_CAPTURE_AUTORELEASING = YES;
				CLANG_WARN_BOOL_CONVERSION = YES;
				CLANG_WARN_COMMA = YES;
				CLANG_WARN_CONSTANT_CONVERSION = YES;
				CLANG_WARN_DEPRECATED_OBJC_IMPLEMENTATIONS = YES;
				CLANG_WARN_DIRECT_OBJC_ISA_USAGE = YES_ERROR;
				CLANG_WARN_DOCUMENTATION_COMMENTS = YES;
				CLANG_WARN_EMPTY_BODY = YES;
				CLANG_WARN_ENUM_CONVERSION = YES;
				CLANG_WARN_INFINITE_RECURSION = YES;
				CLANG_WARN_INT_CONVERSION = YES;
				CLANG_WARN_NON_LITERAL_NULL_CONVERSION = YES;
				CLANG_WARN_OBJC_IMPLICIT_RETAIN_SELF = YES;
				CLANG_WARN_OBJC_LITERAL_CONVERSION = YES;
				CLANG_WARN_OBJC_ROOT_CLASS = YES_ERROR;
				CLANG_WARN_QUOTED_INCLUDE_IN_FRAMEWORK_HEADER = YES;
				CLANG_WARN_RANGE_LOOP_ANALYSIS = YES;
				CLANG_WARN_STRICT_PROTOTYPES = YES;
				CLANG_WARN_SUSPICIOUS_MOVE = YES;
				CLANG_WARN_UNGUARDED_AVAILABILITY = YES_AGGRESSIVE;
				CLANG_WARN_UNREACHABLE_CODE = YES;
				CLANG_WARN__DUPLICATE_METHOD_MATCH = YES;
				COPY_PHASE_STRIP = NO;
				DEBUG_INFORMATION_FORMAT = dwarf;
				ENABLE_STRICT_OBJC_MSGSEND = YES;
				ENABLE_TESTABILITY = YES;
				GCC_C_LANGUAGE_STANDARD = gnu11;
				GCC_DYNAMIC_NO_PIC = NO;
				GCC_NO_COMMON_BLOCKS = YES;
				GCC_OPTIMIZATION_LEVEL = 0;
				GCC_PREPROCESSOR_DEFINITIONS = (
					"DEBUG=1",
					"$(inherited)",
				);
				GCC_WARN_64_TO_32_BIT_CONVERSION = YES;
				GCC_WARN_ABOUT_RETURN_TYPE = YES_ERROR;
				GCC_WARN_UNDECLARED_SELECTOR = YES;
				GCC_WARN_UNINITIALIZED_AUTOS = YES_AGGRESSIVE;
				GCC_WARN_UNUSED_FUNCTION = YES;
				GCC_WARN_UNUSED_VARIABLE = YES;
				IPHONEOS_DEPLOYMENT_TARGET = 14.0;
				MTL_ENABLE_DEBUG_INFO = INCLUDE_SOURCE;
				MTL_FAST_MATH = YES;
				ONLY_ACTIVE_ARCH = YES;
				SDKROOT = iphoneos;
				SWIFT_ACTIVE_COMPILATION_CONDITIONS = DEBUG;
				SWIFT_OPTIMIZATION_LEVEL = "-Onone";
			};
			name = Debug;
		};
		8610D6E424EE5A1600EBCC04 /* Release */ = {
			isa = XCBuildConfiguration;
			buildSettings = {
				ALWAYS_SEARCH_USER_PATHS = NO;
				CLANG_ANALYZER_NONNULL = YES;
				CLANG_ANALYZER_NUMBER_OBJECT_CONVERSION = YES_AGGRESSIVE;
				CLANG_CXX_LANGUAGE_STANDARD = "gnu++14";
				CLANG_CXX_LIBRARY = "libc++";
				CLANG_ENABLE_MODULES = YES;
				CLANG_ENABLE_OBJC_ARC = YES;
				CLANG_ENABLE_OBJC_WEAK = YES;
				CLANG_WARN_BLOCK_CAPTURE_AUTORELEASING = YES;
				CLANG_WARN_BOOL_CONVERSION = YES;
				CLANG_WARN_COMMA = YES;
				CLANG_WARN_CONSTANT_CONVERSION = YES;
				CLANG_WARN_DEPRECATED_OBJC_IMPLEMENTATIONS = YES;
				CLANG_WARN_DIRECT_OBJC_ISA_USAGE = YES_ERROR;
				CLANG_WARN_DOCUMENTATION_COMMENTS = YES;
				CLANG_WARN_EMPTY_BODY = YES;
				CLANG_WARN_ENUM_CONVERSION = YES;
				CLANG_WARN_INFINITE_RECURSION = YES;
				CLANG_WARN_INT_CONVERSION = YES;
				CLANG_WARN_NON_LITERAL_NULL_CONVERSION = YES;
				CLANG_WARN_OBJC_IMPLICIT_RETAIN_SELF = YES;
				CLANG_WARN_OBJC_LITERAL_CONVERSION = YES;
				CLANG_WARN_OBJC_ROOT_CLASS = YES_ERROR;
				CLANG_WARN_QUOTED_INCLUDE_IN_FRAMEWORK_HEADER = YES;
				CLANG_WARN_RANGE_LOOP_ANALYSIS = YES;
				CLANG_WARN_STRICT_PROTOTYPES = YES;
				CLANG_WARN_SUSPICIOUS_MOVE = YES;
				CLANG_WARN_UNGUARDED_AVAILABILITY = YES_AGGRESSIVE;
				CLANG_WARN_UNREACHABLE_CODE = YES;
				CLANG_WARN__DUPLICATE_METHOD_MATCH = YES;
				COPY_PHASE_STRIP = NO;
				DEBUG_INFORMATION_FORMAT = "dwarf-with-dsym";
				ENABLE_NS_ASSERTIONS = NO;
				ENABLE_STRICT_OBJC_MSGSEND = YES;
				GCC_C_LANGUAGE_STANDARD = gnu11;
				GCC_NO_COMMON_BLOCKS = YES;
				GCC_WARN_64_TO_32_BIT_CONVERSION = YES;
				GCC_WARN_ABOUT_RETURN_TYPE = YES_ERROR;
				GCC_WARN_UNDECLARED_SELECTOR = YES;
				GCC_WARN_UNINITIALIZED_AUTOS = YES_AGGRESSIVE;
				GCC_WARN_UNUSED_FUNCTION = YES;
				GCC_WARN_UNUSED_VARIABLE = YES;
				IPHONEOS_DEPLOYMENT_TARGET = 14.0;
				MTL_ENABLE_DEBUG_INFO = NO;
				MTL_FAST_MATH = YES;
				SDKROOT = iphoneos;
				SWIFT_COMPILATION_MODE = wholemodule;
				SWIFT_OPTIMIZATION_LEVEL = "-O";
				VALIDATE_PRODUCT = YES;
			};
			name = Release;
		};
		8610D6E624EE5A1600EBCC04 /* Debug */ = {
			isa = XCBuildConfiguration;
			baseConfigurationReference = 773D8905CE2BEA8393CF2B55 /* Pods-Aasha.debug.xcconfig */;
			buildSettings = {
				ASSETCATALOG_COMPILER_APPICON_NAME = AppIcon;
				ASSETCATALOG_COMPILER_GLOBAL_ACCENT_COLOR_NAME = AccentColor;
				CODE_SIGN_STYLE = Automatic;
				DEVELOPMENT_ASSET_PATHS = "\"Aasha/Preview Content\"";
				DEVELOPMENT_TEAM = 33G6XV4555;
				ENABLE_PREVIEWS = YES;
				INFOPLIST_FILE = Aasha/Info.plist;
				LD_RUNPATH_SEARCH_PATHS = (
					"$(inherited)",
					"@executable_path/Frameworks",
				);
				PRODUCT_BUNDLE_IDENTIFIER = com.garimabothra.Aasha;
				PRODUCT_NAME = "$(TARGET_NAME)";
				SWIFT_VERSION = 5.0;
				TARGETED_DEVICE_FAMILY = "1,2";
			};
			name = Debug;
		};
		8610D6E724EE5A1600EBCC04 /* Release */ = {
			isa = XCBuildConfiguration;
			baseConfigurationReference = 77FF7B23C130332BAEB46E73 /* Pods-Aasha.release.xcconfig */;
			buildSettings = {
				ASSETCATALOG_COMPILER_APPICON_NAME = AppIcon;
				ASSETCATALOG_COMPILER_GLOBAL_ACCENT_COLOR_NAME = AccentColor;
				CODE_SIGN_STYLE = Automatic;
				DEVELOPMENT_ASSET_PATHS = "\"Aasha/Preview Content\"";
				DEVELOPMENT_TEAM = 33G6XV4555;
				ENABLE_PREVIEWS = YES;
				INFOPLIST_FILE = Aasha/Info.plist;
				LD_RUNPATH_SEARCH_PATHS = (
					"$(inherited)",
					"@executable_path/Frameworks",
				);
				PRODUCT_BUNDLE_IDENTIFIER = com.garimabothra.Aasha;
				PRODUCT_NAME = "$(TARGET_NAME)";
				SWIFT_VERSION = 5.0;
				TARGETED_DEVICE_FAMILY = "1,2";
			};
			name = Release;
		};
		8610D6E924EE5A1600EBCC04 /* Debug */ = {
			isa = XCBuildConfiguration;
			baseConfigurationReference = 7F2F1380B378C80C19FDA973 /* Pods-AashaTests.debug.xcconfig */;
			buildSettings = {
				ALWAYS_EMBED_SWIFT_STANDARD_LIBRARIES = YES;
				BUNDLE_LOADER = "$(TEST_HOST)";
				CODE_SIGN_STYLE = Automatic;
				DEVELOPMENT_TEAM = 33G6XV4555;
				INFOPLIST_FILE = AashaTests/Info.plist;
				IPHONEOS_DEPLOYMENT_TARGET = 14.0;
				LD_RUNPATH_SEARCH_PATHS = (
					"$(inherited)",
					"@executable_path/Frameworks",
					"@loader_path/Frameworks",
				);
				PRODUCT_BUNDLE_IDENTIFIER = com.garimabothra.AashaTests;
				PRODUCT_NAME = "$(TARGET_NAME)";
				SWIFT_VERSION = 5.0;
				TARGETED_DEVICE_FAMILY = "1,2";
				TEST_HOST = "$(BUILT_PRODUCTS_DIR)/Aasha.app/Aasha";
			};
			name = Debug;
		};
		8610D6EA24EE5A1600EBCC04 /* Release */ = {
			isa = XCBuildConfiguration;
			baseConfigurationReference = 11033653FC7D6D188FF79E0B /* Pods-AashaTests.release.xcconfig */;
			buildSettings = {
				ALWAYS_EMBED_SWIFT_STANDARD_LIBRARIES = YES;
				BUNDLE_LOADER = "$(TEST_HOST)";
				CODE_SIGN_STYLE = Automatic;
				DEVELOPMENT_TEAM = 33G6XV4555;
				INFOPLIST_FILE = AashaTests/Info.plist;
				IPHONEOS_DEPLOYMENT_TARGET = 14.0;
				LD_RUNPATH_SEARCH_PATHS = (
					"$(inherited)",
					"@executable_path/Frameworks",
					"@loader_path/Frameworks",
				);
				PRODUCT_BUNDLE_IDENTIFIER = com.garimabothra.AashaTests;
				PRODUCT_NAME = "$(TARGET_NAME)";
				SWIFT_VERSION = 5.0;
				TARGETED_DEVICE_FAMILY = "1,2";
				TEST_HOST = "$(BUILT_PRODUCTS_DIR)/Aasha.app/Aasha";
			};
			name = Release;
		};
		8610D6EC24EE5A1600EBCC04 /* Debug */ = {
			isa = XCBuildConfiguration;
			baseConfigurationReference = DAA2AE2603779A84C035EF0D /* Pods-Aasha-AashaUITests.debug.xcconfig */;
			buildSettings = {
				ALWAYS_EMBED_SWIFT_STANDARD_LIBRARIES = YES;
				CODE_SIGN_STYLE = Automatic;
				DEVELOPMENT_TEAM = 33G6XV4555;
				INFOPLIST_FILE = AashaUITests/Info.plist;
				LD_RUNPATH_SEARCH_PATHS = (
					"$(inherited)",
					"@executable_path/Frameworks",
					"@loader_path/Frameworks",
				);
				PRODUCT_BUNDLE_IDENTIFIER = com.garimabothra.AashaUITests;
				PRODUCT_NAME = "$(TARGET_NAME)";
				SWIFT_VERSION = 5.0;
				TARGETED_DEVICE_FAMILY = "1,2";
				TEST_TARGET_NAME = Aasha;
			};
			name = Debug;
		};
		8610D6ED24EE5A1600EBCC04 /* Release */ = {
			isa = XCBuildConfiguration;
			baseConfigurationReference = 8F5FBAE4C414A3DA2F9F2711 /* Pods-Aasha-AashaUITests.release.xcconfig */;
			buildSettings = {
				ALWAYS_EMBED_SWIFT_STANDARD_LIBRARIES = YES;
				CODE_SIGN_STYLE = Automatic;
				DEVELOPMENT_TEAM = 33G6XV4555;
				INFOPLIST_FILE = AashaUITests/Info.plist;
				LD_RUNPATH_SEARCH_PATHS = (
					"$(inherited)",
					"@executable_path/Frameworks",
					"@loader_path/Frameworks",
				);
				PRODUCT_BUNDLE_IDENTIFIER = com.garimabothra.AashaUITests;
				PRODUCT_NAME = "$(TARGET_NAME)";
				SWIFT_VERSION = 5.0;
				TARGETED_DEVICE_FAMILY = "1,2";
				TEST_TARGET_NAME = Aasha;
			};
			name = Release;
		};
/* End XCBuildConfiguration section */

/* Begin XCConfigurationList section */
		8610D6B624EE5A1300EBCC04 /* Build configuration list for PBXProject "Aasha" */ = {
			isa = XCConfigurationList;
			buildConfigurations = (
				8610D6E324EE5A1600EBCC04 /* Debug */,
				8610D6E424EE5A1600EBCC04 /* Release */,
			);
			defaultConfigurationIsVisible = 0;
			defaultConfigurationName = Release;
		};
		8610D6E524EE5A1600EBCC04 /* Build configuration list for PBXNativeTarget "Aasha" */ = {
			isa = XCConfigurationList;
			buildConfigurations = (
				8610D6E624EE5A1600EBCC04 /* Debug */,
				8610D6E724EE5A1600EBCC04 /* Release */,
			);
			defaultConfigurationIsVisible = 0;
			defaultConfigurationName = Release;
		};
		8610D6E824EE5A1600EBCC04 /* Build configuration list for PBXNativeTarget "AashaTests" */ = {
			isa = XCConfigurationList;
			buildConfigurations = (
				8610D6E924EE5A1600EBCC04 /* Debug */,
				8610D6EA24EE5A1600EBCC04 /* Release */,
			);
			defaultConfigurationIsVisible = 0;
			defaultConfigurationName = Release;
		};
		8610D6EB24EE5A1600EBCC04 /* Build configuration list for PBXNativeTarget "AashaUITests" */ = {
			isa = XCConfigurationList;
			buildConfigurations = (
				8610D6EC24EE5A1600EBCC04 /* Debug */,
				8610D6ED24EE5A1600EBCC04 /* Release */,
			);
			defaultConfigurationIsVisible = 0;
			defaultConfigurationName = Release;
		};
/* End XCConfigurationList section */

/* Begin XCVersionGroup section */
		864F482624EFB5BC00D63C44 /* Book.xcdatamodeld */ = {
			isa = XCVersionGroup;
			children = (
				864F482724EFB5BC00D63C44 /* Book.xcdatamodel */,
			);
			currentVersion = 864F482724EFB5BC00D63C44 /* Book.xcdatamodel */;
			path = Book.xcdatamodeld;
			sourceTree = "<group>";
			versionGroupType = wrapper.xcdatamodel;
		};
/* End XCVersionGroup section */
	};
	rootObject = 8610D6B324EE5A1300EBCC04 /* Project object */;
}
